
Microsoft Visual Studio Solution File, Format Version 12.00
# Visual Studio Version 16
VisualStudioVersion = 16.0.30804.86
MinimumVisualStudioVersion = 10.0.40219.1
Project("{FAE04EC0-301F-11D3-BF4B-00C04F79EFBC}") = "ProblemOne", "ProblemOne\ProblemOne.csproj", "{0CA635B2-51A7-430B-90A4-85CDF94535A8}"
EndProject
Global
	GlobalSection(SolutionConfigurationPlatforms) = preSolution
		Debug|Any CPU = Debug|Any CPU
		Release|Any CPU = Release|Any CPU
	EndGlobalSection
	GlobalSection(ProjectConfigurationPlatforms) = postSolution
		{0CA635B2-51A7-430B-90A4-85CDF94535A8}.Debug|Any CPU.ActiveCfg = Debug|Any CPU
		{0CA635B2-51A7-430B-90A4-85CDF94535A8}.Debug|Any CPU.Build.0 = Debug|Any CPU
		{0CA635B2-51A7-430B-90A4-85CDF94535A8}.Release|Any CPU.ActiveCfg = Release|Any CPU
		{0CA635B2-51A7-430B-90A4-85CDF94535A8}.Release|Any CPU.Build.0 = Release|Any CPU
	EndGlobalSection
	GlobalSection(SolutionProperties) = preSolution
		HideSolutionNode = FALSE
	EndGlobalSection
	GlobalSection(ExtensibilityGlobals) = postSolution
		SolutionGuid = {2F65E302-2F38-40DE-AF62-CF25D3B5B75C}
	EndGlobalSection
EndGlobal
